{
  "version": 4,
  "terraform_version": "1.12.1",
  "serial": 9,
  "lineage": "fbf9b416-4d5e-36e9-bc8d-5a23380044bf",
  "outputs": {
    "dns_name": {
      "value": "demo.kubenfv.io.",
      "type": "string"
    },
    "dns_zone_name": {
      "value": "demo-kubenfv-io",
      "type": "string"
    },
    "instance_name": {
      "value": "kubenfv-demo",
      "type": "string"
    },
    "instance_public_ip": {
      "value": "34.116.250.94",
      "type": "string"
    }
  },
  "resources": [
    {
      "mode": "managed",
      "type": "google_compute_address",
      "name": "demo_static_ip",
      "provider": "provider[\"registry.terraform.io/hashicorp/google\"]",
      "instances": [
        {
          "schema_version": 0,
          "attributes": {
            "address": "34.116.250.94",
            "address_type": "EXTERNAL",
            "creation_timestamp": "2025-08-30T07:32:55.097-07:00",
            "description": "",
            "effective_labels": {},
            "id": "projects/analog-forest-470614-v1/regions/europe-central2/addresses/demo-static-ip",
            "ip_version": "",
            "ipv6_endpoint_type": "",
            "label_fingerprint": "42WmSpB8rSM=",
            "labels": null,
            "name": "demo-static-ip",
            "network": "",
            "network_tier": "PREMIUM",
            "prefix_length": 0,
            "project": "analog-forest-470614-v1",
            "purpose": "",
            "region": "europe-central2",
            "self_link": "https://www.googleapis.com/compute/v1/projects/analog-forest-470614-v1/regions/europe-central2/addresses/demo-static-ip",
            "subnetwork": "",
            "terraform_labels": {},
            "timeouts": null,
            "users": []
          },
          "sensitive_attributes": [],
          "identity_schema_version": 0,
          "private": "eyJlMmJmYjczMC1lY2FhLTExZTYtOGY4OC0zNDM2M2JjN2M0YzAiOnsiY3JlYXRlIjoxMjAwMDAwMDAwMDAwLCJkZWxldGUiOjEyMDAwMDAwMDAwMDAsInVwZGF0ZSI6MTIwMDAwMDAwMDAwMH19"
        }
      ]
    },
    {
      "mode": "managed",
      "type": "google_compute_firewall",
      "name": "demo_firewall",
      "provider": "provider[\"registry.terraform.io/hashicorp/google\"]",
      "instances": [
        {
          "schema_version": 1,
          "attributes": {
            "allow": [
              {
                "ports": [
                  "22",
                  "80",
                  "443",
                  "8080",
                  "8443"
                ],
                "protocol": "tcp"
              }
            ],
            "creation_timestamp": "2025-08-30T07:32:53.625-07:00",
            "deny": [],
            "description": "",
            "destination_ranges": [],
            "direction": "INGRESS",
            "disabled": false,
            "enable_logging": null,
            "id": "projects/analog-forest-470614-v1/global/firewalls/kubenfv-demo-firewall",
            "log_config": [],
            "name": "kubenfv-demo-firewall",
            "network": "https://www.googleapis.com/compute/v1/projects/analog-forest-470614-v1/global/networks/default",
            "priority": 1000,
            "project": "analog-forest-470614-v1",
            "self_link": "https://www.googleapis.com/compute/v1/projects/analog-forest-470614-v1/global/firewalls/kubenfv-demo-firewall",
            "source_ranges": [
              "0.0.0.0/0"
            ],
            "source_service_accounts": null,
            "source_tags": null,
            "target_service_accounts": null,
            "target_tags": [
              "demo",
              "kubenfv"
            ],
            "timeouts": null
          },
          "sensitive_attributes": [],
          "identity_schema_version": 0,
          "private": "eyJlMmJmYjczMC1lY2FhLTExZTYtOGY4OC0zNDM2M2JjN2M0YzAiOnsiY3JlYXRlIjoxMjAwMDAwMDAwMDAwLCJkZWxldGUiOjEyMDAwMDAwMDAwMDAsInVwZGF0ZSI6MTIwMDAwMDAwMDAwMH0sInNjaGVtYV92ZXJzaW9uIjoiMSJ9"
        }
      ]
    },
    {
      "mode": "managed",
      "type": "google_compute_instance",
      "name": "demo_instance",
      "provider": "provider[\"registry.terraform.io/hashicorp/google\"]",
      "instances": [
        {
          "schema_version": 6,
          "attributes": {
            "advanced_machine_features": [],
            "allow_stopping_for_update": null,
            "attached_disk": [],
            "boot_disk": [
              {
                "auto_delete": true,
                "device_name": "persistent-disk-0",
                "disk_encryption_key_raw": "",
                "disk_encryption_key_sha256": "",
                "initialize_params": [
                  {
                    "enable_confidential_compute": false,
                    "image": "https://www.googleapis.com/compute/v1/projects/ubuntu-os-cloud/global/images/ubuntu-2204-jammy-v20250826",
                    "labels": {},
                    "provisioned_iops": 0,
                    "provisioned_throughput": 0,
                    "resource_manager_tags": null,
                    "size": 100,
                    "storage_pool": "",
                    "type": "pd-standard"
                  }
                ],
                "kms_key_self_link": "",
                "mode": "READ_WRITE",
                "source": "https://www.googleapis.com/compute/v1/projects/analog-forest-470614-v1/zones/europe-central2-a/disks/kubenfv-demo"
              }
            ],
            "can_ip_forward": false,
            "confidential_instance_config": [],
            "cpu_platform": "Intel Broadwell",
            "current_status": "RUNNING",
            "deletion_protection": false,
            "description": "",
            "desired_status": null,
            "effective_labels": {
              "environment": "demo",
              "project": "kubenfv"
            },
            "enable_display": false,
            "guest_accelerator": [],
            "hostname": "",
            "id": "projects/analog-forest-470614-v1/zones/europe-central2-a/instances/kubenfv-demo",
            "instance_id": "621023390402000201",
            "label_fingerprint": "N1L7iDtFKeY=",
            "labels": {
              "environment": "demo",
              "project": "kubenfv"
            },
            "machine_type": "e2-standard-4",
            "metadata": {
              "ssh-keys": "ubuntu:ssh-rsa AAAAB3NzaC1yc2EAAAADAQABAAABgQDdZfB7jB3C4nWV6m37+925sf/kmkhSbIgZThDpBLU+9Vk/tQYhSO0UxfhdIJi3ffqSgSFnQiub+HMW1f8kbD+N5g0u+gx7LHkCXyt5nz4Bh9VEUur0t4sOfS72edHRnmGjGHYceoHPmHwX2QjwjOFO8rRSeDenf2GO4ctqL4TWfjeDb2cyY/H7n98HRKojWitm8FQ8t1dGhk6bb2fJC687RoCW4V6uSS3ZpnDNLBlO+584xftUa5O1Sz3FlGFu/7bUzmAj1UBlNy1k+K8JO98upadjvbx0Up1o6iB0ER5SI/y/BzNt8y4gkr7qaU5tMwel4rGjoIgyBHZ8fzEjiCcWkuUaOIV8PIK87B7gf878Fr7uu0cu57u1k2Fh+cO3nJTf9eVLarTNeWMKgNkFRJUEGhL7vUEfTpiPTtARgWiqVOu7iMT+cZQUUxgDG5BX/6UjfHqwLtoZ8yAtVRhFEFdX3q3RsNH9UirmzAxttEGI2UjKr/cbbmfFph3pOaZBn5M= dmalovan@Dmytros-MacBook-Pro.local\n"
            },
            "metadata_fingerprint": "laNdzKQ7cNQ=",
            "metadata_startup_script": null,
            "min_cpu_platform": "",
            "name": "kubenfv-demo",
            "network_interface": [
              {
                "access_config": [
                  {
                    "nat_ip": "34.116.250.94",
                    "network_tier": "PREMIUM",
                    "public_ptr_domain_name": ""
                  }
                ],
                "alias_ip_range": [],
                "internal_ipv6_prefix_length": 0,
                "ipv6_access_config": [],
                "ipv6_access_type": "",
                "ipv6_address": "",
                "name": "nic0",
                "network": "https://www.googleapis.com/compute/v1/projects/analog-forest-470614-v1/global/networks/default",
                "network_ip": "10.186.0.2",
                "nic_type": "",
                "queue_count": 0,
                "stack_type": "IPV4_ONLY",
                "subnetwork": "https://www.googleapis.com/compute/v1/projects/analog-forest-470614-v1/regions/europe-central2/subnetworks/default",
                "subnetwork_project": "analog-forest-470614-v1"
              }
            ],
            "network_performance_config": [],
            "params": [],
            "project": "analog-forest-470614-v1",
            "reservation_affinity": [],
            "resource_policies": null,
            "scheduling": [
              {
                "automatic_restart": true,
                "instance_termination_action": "",
                "local_ssd_recovery_timeout": [],
                "max_run_duration": [],
                "min_node_cpus": 0,
                "node_affinities": [],
                "on_host_maintenance": "MIGRATE",
                "on_instance_stop_action": [],
                "preemptible": false,
                "provisioning_model": "STANDARD"
              }
            ],
            "scratch_disk": [],
            "self_link": "https://www.googleapis.com/compute/v1/projects/analog-forest-470614-v1/zones/europe-central2-a/instances/kubenfv-demo",
            "service_account": [],
            "shielded_instance_config": [
              {
                "enable_integrity_monitoring": true,
                "enable_secure_boot": false,
                "enable_vtpm": true
              }
            ],
            "tags": [
              "demo",
              "kubenfv"
            ],
            "tags_fingerprint": "De7N9aQmn34=",
            "terraform_labels": {
              "environment": "demo",
              "project": "kubenfv"
            },
            "timeouts": null,
            "zone": "europe-central2-a"
          },
          "sensitive_attributes": [
            [
              {
                "type": "get_attr",
                "value": "boot_disk"
              },
              {
                "type": "index",
                "value": {
                  "value": 0,
                  "type": "number"
                }
              },
              {
                "type": "get_attr",
                "value": "disk_encryption_key_raw"
              }
            ]
          ],
          "identity_schema_version": 0,
          "private": "eyJlMmJmYjczMC1lY2FhLTExZTYtOGY4OC0zNDM2M2JjN2M0YzAiOnsiY3JlYXRlIjoxMjAwMDAwMDAwMDAwLCJkZWxldGUiOjEyMDAwMDAwMDAwMDAsInVwZGF0ZSI6MTIwMDAwMDAwMDAwMH0sInNjaGVtYV92ZXJzaW9uIjoiNiJ9",
          "dependencies": [
            "google_compute_address.demo_static_ip"
          ]
        }
      ]
    }
  ],
  "check_results": null
}
